
Microsoft Visual Studio Solution File, Format Version 12.00
# Visual Studio 2013
VisualStudioVersion = 12.0.30723.0
MinimumVisualStudioVersion = 10.0.40219.1
Project("{FAE04EC0-301F-11D3-BF4B-00C04F79EFBC}") = "XNA_Teun", "XNA_Teun\XNA_Teun\XNA_Teun.csproj", "{36B23A8E-78D6-4307-A547-1ECE0E7878D9}"
EndProject
Project("{FAE04EC0-301F-11D3-BF4B-00C04F79EFBC}") = "XNA_TeunContent", "XNA_Teun\XNA_TeunContent\XNA_TeunContent.contentproj", "{6B768800-065D-4556-A7CA-C927DDEAB059}"
EndProject
Project("{FAE04EC0-301F-11D3-BF4B-00C04F79EFBC}") = "XNA_Mike", "XNA_Mike\XNA_Mike\XNA_Mike.csproj", "{FD194EFB-4671-4EB3-A663-81208DADCEDE}"
EndProject
Project("{FAE04EC0-301F-11D3-BF4B-00C04F79EFBC}") = "XNA_MikeContent", "XNA_Mike\XNA_MikeContent\XNA_MikeContent.contentproj", "{54C0D09E-0D7D-4D55-A8C1-0678199EA95D}"
EndProject
Project("{FAE04EC0-301F-11D3-BF4B-00C04F79EFBC}") = "XNA_Tim", "XNA_Tim\XNA_Tim\XNA_Tim.csproj", "{8E902531-A96A-4941-9D1E-F9265E4B6F75}"
EndProject
Project("{FAE04EC0-301F-11D3-BF4B-00C04F79EFBC}") = "XNA_TimContent", "XNA_Tim\XNA_TimContent\XNA_TimContent.contentproj", "{61C7762C-CAA9-47D5-8E53-811B7FCC3C95}"
EndProject
Project("{FAE04EC0-301F-11D3-BF4B-00C04F79EFBC}") = "XNA_Rudy", "XNA_Rudy\XNA_Rudy\XNA_Rudy.csproj", "{B43CDDA3-50C9-4E01-802C-77149FCDB165}"
EndProject
Project("{FAE04EC0-301F-11D3-BF4B-00C04F79EFBC}") = "XNA_RudyContent", "XNA_Rudy\XNA_RudyContent\XNA_RudyContent.contentproj", "{104452B4-6777-4475-9B60-DABA883D0213}"
EndProject
Project("{FAE04EC0-301F-11D3-BF4B-00C04F79EFBC}") = "XNA_Tommy", "XNA_Tommy\XNA_Tommy\XNA_Tommy.csproj", "{A7403E15-AE2D-48DB-8CFE-8FBCCE0C186D}"
EndProject
Project("{FAE04EC0-301F-11D3-BF4B-00C04F79EFBC}") = "XNA_TommyContent", "XNA_Tommy\XNA_TommyContent\XNA_TommyContent.contentproj", "{A963C7B0-F80B-4E88-B74C-0BDC189F9391}"
EndProject
Project("{FAE04EC0-301F-11D3-BF4B-00C04F79EFBC}") = "XNA_Mathijs", "XNA_Mathijs\XNA_Mathijs\XNA_Mathijs.csproj", "{77C4ABFA-E577-4AF8-8F1D-18FED5A5A338}"
EndProject
Project("{FAE04EC0-301F-11D3-BF4B-00C04F79EFBC}") = "XNA_MathijsContent", "XNA_Mathijs\XNA_MathijsContent\XNA_MathijsContent.contentproj", "{98563B34-BA05-41CC-86DD-F1A64ECEDB20}"
EndProject
Project("{2150E333-8FDC-42A3-9474-1A3956D46DE8}") = "XNA_Kevin", "XNA_Kevin", "{CDEFD4FA-89C6-4511-80B4-EDB21A239DDA}"
EndProject
Project("{2150E333-8FDC-42A3-9474-1A3956D46DE8}") = "XNA_Mathijs", "XNA_Mathijs", "{CE67F076-4BEE-46D9-95DD-DCBE0B3D2CBA}"
EndProject
Project("{2150E333-8FDC-42A3-9474-1A3956D46DE8}") = "XNA_Mike", "XNA_Mike", "{676BA977-750F-4D1F-8490-A03705CFDE4E}"
EndProject
Project("{2150E333-8FDC-42A3-9474-1A3956D46DE8}") = "XNA_Teun", "XNA_Teun", "{3BE8FA3B-20A6-427D-84EC-A13E6BCFD248}"
EndProject
Project("{2150E333-8FDC-42A3-9474-1A3956D46DE8}") = "XNA_Tim", "XNA_Tim", "{E79218CC-FCD0-4BA7-AF97-BBBDCC61A8ED}"
EndProject
Project("{2150E333-8FDC-42A3-9474-1A3956D46DE8}") = "XNA_Tommy", "XNA_Tommy", "{E9E4F6FD-ADDC-4BA2-BC4F-DED5F69B6B71}"
EndProject
Project("{2150E333-8FDC-42A3-9474-1A3956D46DE8}") = "XNA_Rudy", "XNA_Rudy", "{F92EF219-4582-4369-A5CA-617ABB451A26}"
EndProject
Project("{FAE04EC0-301F-11D3-BF4B-00C04F79EFBC}") = "XNA_MainProject", "XNA_MainProject\XNA_MainProject\XNA_MainProject.csproj", "{0AC2B0FB-50C8-4CE4-B951-3B095893532F}"
EndProject
Project("{FAE04EC0-301F-11D3-BF4B-00C04F79EFBC}") = "XNA_MainProjectContent", "XNA_MainProject\XNA_MainProjectContent\XNA_MainProjectContent.contentproj", "{90EBFD32-F38E-4E97-A978-74B5A61EAAEF}"
EndProject
Project("{FAE04EC0-301F-11D3-BF4B-00C04F79EFBC}") = "XNA_Kevin", "XNA_Kevin\XNA_Kevin\XNA_Kevin.csproj", "{9E5049A3-8071-4E1A-8781-B98089D54102}"
EndProject
Project("{FAE04EC0-301F-11D3-BF4B-00C04F79EFBC}") = "XNA_KevinContent", "XNA_Kevin\XNA_KevinContent\XNA_KevinContent.contentproj", "{6EFAABCC-F989-4256-95B3-06D3AD9718A6}"
EndProject
Project("{FAE04EC0-301F-11D3-BF4B-00C04F79EFBC}") = "XNA_Tom", "XNA_Tom\XNA_Tom\XNA_Tom.csproj", "{CE033DEF-ACE8-425F-93D6-FD3316860BB2}"
EndProject
Project("{FAE04EC0-301F-11D3-BF4B-00C04F79EFBC}") = "XNA_TomContent", "XNA_Tom\XNA_TomContent\XNA_TomContent.contentproj", "{FE2BD95F-E8D6-4075-BCB3-8D64B05C54E3}"
EndProject
Project("{2150E333-8FDC-42A3-9474-1A3956D46DE8}") = "XNA_Tom", "XNA_Tom", "{2AA3648C-051C-437E-B0FF-A456CE2B9B84}"
EndProject
Global
	GlobalSection(SolutionConfigurationPlatforms) = preSolution
		Debug|x86 = Debug|x86
		Release|x86 = Release|x86
	EndGlobalSection
	GlobalSection(ProjectConfigurationPlatforms) = postSolution
		{36B23A8E-78D6-4307-A547-1ECE0E7878D9}.Debug|x86.ActiveCfg = Debug|x86
		{36B23A8E-78D6-4307-A547-1ECE0E7878D9}.Debug|x86.Build.0 = Debug|x86
		{36B23A8E-78D6-4307-A547-1ECE0E7878D9}.Release|x86.ActiveCfg = Release|x86
		{36B23A8E-78D6-4307-A547-1ECE0E7878D9}.Release|x86.Build.0 = Release|x86
		{6B768800-065D-4556-A7CA-C927DDEAB059}.Debug|x86.ActiveCfg = Debug|x86
		{6B768800-065D-4556-A7CA-C927DDEAB059}.Release|x86.ActiveCfg = Release|x86
		{FD194EFB-4671-4EB3-A663-81208DADCEDE}.Debug|x86.ActiveCfg = Debug|x86
		{FD194EFB-4671-4EB3-A663-81208DADCEDE}.Debug|x86.Build.0 = Debug|x86
		{FD194EFB-4671-4EB3-A663-81208DADCEDE}.Release|x86.ActiveCfg = Release|x86
		{FD194EFB-4671-4EB3-A663-81208DADCEDE}.Release|x86.Build.0 = Release|x86
		{54C0D09E-0D7D-4D55-A8C1-0678199EA95D}.Debug|x86.ActiveCfg = Debug|x86
		{54C0D09E-0D7D-4D55-A8C1-0678199EA95D}.Release|x86.ActiveCfg = Release|x86
		{8E902531-A96A-4941-9D1E-F9265E4B6F75}.Debug|x86.ActiveCfg = Debug|x86
		{8E902531-A96A-4941-9D1E-F9265E4B6F75}.Debug|x86.Build.0 = Debug|x86
		{8E902531-A96A-4941-9D1E-F9265E4B6F75}.Release|x86.ActiveCfg = Release|x86
		{8E902531-A96A-4941-9D1E-F9265E4B6F75}.Release|x86.Build.0 = Release|x86
		{61C7762C-CAA9-47D5-8E53-811B7FCC3C95}.Debug|x86.ActiveCfg = Debug|x86
		{61C7762C-CAA9-47D5-8E53-811B7FCC3C95}.Release|x86.ActiveCfg = Release|x86
		{B43CDDA3-50C9-4E01-802C-77149FCDB165}.Debug|x86.ActiveCfg = Debug|x86
		{B43CDDA3-50C9-4E01-802C-77149FCDB165}.Debug|x86.Build.0 = Debug|x86
		{B43CDDA3-50C9-4E01-802C-77149FCDB165}.Release|x86.ActiveCfg = Release|x86
		{B43CDDA3-50C9-4E01-802C-77149FCDB165}.Release|x86.Build.0 = Release|x86
		{104452B4-6777-4475-9B60-DABA883D0213}.Debug|x86.ActiveCfg = Debug|x86
		{104452B4-6777-4475-9B60-DABA883D0213}.Release|x86.ActiveCfg = Release|x86
		{A7403E15-AE2D-48DB-8CFE-8FBCCE0C186D}.Debug|x86.ActiveCfg = Debug|x86
		{A7403E15-AE2D-48DB-8CFE-8FBCCE0C186D}.Debug|x86.Build.0 = Debug|x86
		{A7403E15-AE2D-48DB-8CFE-8FBCCE0C186D}.Release|x86.ActiveCfg = Release|x86
		{A7403E15-AE2D-48DB-8CFE-8FBCCE0C186D}.Release|x86.Build.0 = Release|x86
		{A963C7B0-F80B-4E88-B74C-0BDC189F9391}.Debug|x86.ActiveCfg = Debug|x86
		{A963C7B0-F80B-4E88-B74C-0BDC189F9391}.Release|x86.ActiveCfg = Release|x86
		{77C4ABFA-E577-4AF8-8F1D-18FED5A5A338}.Debug|x86.ActiveCfg = Debug|x86
		{77C4ABFA-E577-4AF8-8F1D-18FED5A5A338}.Debug|x86.Build.0 = Debug|x86
		{77C4ABFA-E577-4AF8-8F1D-18FED5A5A338}.Release|x86.ActiveCfg = Release|x86
		{77C4ABFA-E577-4AF8-8F1D-18FED5A5A338}.Release|x86.Build.0 = Release|x86
		{98563B34-BA05-41CC-86DD-F1A64ECEDB20}.Debug|x86.ActiveCfg = Debug|x86
		{98563B34-BA05-41CC-86DD-F1A64ECEDB20}.Release|x86.ActiveCfg = Release|x86
		{0AC2B0FB-50C8-4CE4-B951-3B095893532F}.Debug|x86.ActiveCfg = Debug|x86
		{0AC2B0FB-50C8-4CE4-B951-3B095893532F}.Debug|x86.Build.0 = Debug|x86
		{0AC2B0FB-50C8-4CE4-B951-3B095893532F}.Release|x86.ActiveCfg = Release|x86
		{0AC2B0FB-50C8-4CE4-B951-3B095893532F}.Release|x86.Build.0 = Release|x86
		{90EBFD32-F38E-4E97-A978-74B5A61EAAEF}.Debug|x86.ActiveCfg = Debug|x86
		{90EBFD32-F38E-4E97-A978-74B5A61EAAEF}.Release|x86.ActiveCfg = Release|x86
		{9E5049A3-8071-4E1A-8781-B98089D54102}.Debug|x86.ActiveCfg = Debug|x86
		{9E5049A3-8071-4E1A-8781-B98089D54102}.Debug|x86.Build.0 = Debug|x86
		{9E5049A3-8071-4E1A-8781-B98089D54102}.Release|x86.ActiveCfg = Release|x86
		{9E5049A3-8071-4E1A-8781-B98089D54102}.Release|x86.Build.0 = Release|x86
		{6EFAABCC-F989-4256-95B3-06D3AD9718A6}.Debug|x86.ActiveCfg = Debug|x86
		{6EFAABCC-F989-4256-95B3-06D3AD9718A6}.Release|x86.ActiveCfg = Release|x86
		{CE033DEF-ACE8-425F-93D6-FD3316860BB2}.Debug|x86.ActiveCfg = Debug|x86
		{CE033DEF-ACE8-425F-93D6-FD3316860BB2}.Debug|x86.Build.0 = Debug|x86
		{CE033DEF-ACE8-425F-93D6-FD3316860BB2}.Release|x86.ActiveCfg = Release|x86
		{CE033DEF-ACE8-425F-93D6-FD3316860BB2}.Release|x86.Build.0 = Release|x86
		{FE2BD95F-E8D6-4075-BCB3-8D64B05C54E3}.Debug|x86.ActiveCfg = Debug|x86
		{FE2BD95F-E8D6-4075-BCB3-8D64B05C54E3}.Release|x86.ActiveCfg = Release|x86
	EndGlobalSection
	GlobalSection(SolutionProperties) = preSolution
		HideSolutionNode = FALSE
	EndGlobalSection
	GlobalSection(NestedProjects) = preSolution
		{36B23A8E-78D6-4307-A547-1ECE0E7878D9} = {3BE8FA3B-20A6-427D-84EC-A13E6BCFD248}
		{6B768800-065D-4556-A7CA-C927DDEAB059} = {3BE8FA3B-20A6-427D-84EC-A13E6BCFD248}
		{FD194EFB-4671-4EB3-A663-81208DADCEDE} = {676BA977-750F-4D1F-8490-A03705CFDE4E}
		{54C0D09E-0D7D-4D55-A8C1-0678199EA95D} = {676BA977-750F-4D1F-8490-A03705CFDE4E}
		{8E902531-A96A-4941-9D1E-F9265E4B6F75} = {E79218CC-FCD0-4BA7-AF97-BBBDCC61A8ED}
		{61C7762C-CAA9-47D5-8E53-811B7FCC3C95} = {E79218CC-FCD0-4BA7-AF97-BBBDCC61A8ED}
		{B43CDDA3-50C9-4E01-802C-77149FCDB165} = {F92EF219-4582-4369-A5CA-617ABB451A26}
		{104452B4-6777-4475-9B60-DABA883D0213} = {F92EF219-4582-4369-A5CA-617ABB451A26}
		{A7403E15-AE2D-48DB-8CFE-8FBCCE0C186D} = {E9E4F6FD-ADDC-4BA2-BC4F-DED5F69B6B71}
		{A963C7B0-F80B-4E88-B74C-0BDC189F9391} = {E9E4F6FD-ADDC-4BA2-BC4F-DED5F69B6B71}
		{77C4ABFA-E577-4AF8-8F1D-18FED5A5A338} = {CE67F076-4BEE-46D9-95DD-DCBE0B3D2CBA}
		{98563B34-BA05-41CC-86DD-F1A64ECEDB20} = {CE67F076-4BEE-46D9-95DD-DCBE0B3D2CBA}
		{9E5049A3-8071-4E1A-8781-B98089D54102} = {CDEFD4FA-89C6-4511-80B4-EDB21A239DDA}
		{6EFAABCC-F989-4256-95B3-06D3AD9718A6} = {CDEFD4FA-89C6-4511-80B4-EDB21A239DDA}
		{CE033DEF-ACE8-425F-93D6-FD3316860BB2} = {2AA3648C-051C-437E-B0FF-A456CE2B9B84}
		{FE2BD95F-E8D6-4075-BCB3-8D64B05C54E3} = {2AA3648C-051C-437E-B0FF-A456CE2B9B84}
	EndGlobalSection
EndGlobal
