
Microsoft Visual Studio Solution File, Format Version 12.00
# Visual Studio 2013
VisualStudioVersion = 12.0.30723.0
MinimumVisualStudioVersion = 10.0.40219.1
Project("{FAE04EC0-301F-11D3-BF4B-00C04F79EFBC}") = "Dreamkeeper", "Dreamkeeper\Dreamkeeper\Dreamkeeper.csproj", "{9E5EEA51-BB8A-40B6-8D44-A87C11CA6F6A}"
EndProject
Project("{FAE04EC0-301F-11D3-BF4B-00C04F79EFBC}") = "DreamkeeperContent", "Dreamkeeper\DreamkeeperContent\DreamkeeperContent.contentproj", "{43E19A36-C299-4187-B4DC-4A8ABB54DACE}"
EndProject
Project("{2150E333-8FDC-42A3-9474-1A3956D46DE8}") = "Solution Items", "Solution Items", "{251B876B-F6CE-4A77-9242-CB1A79121D6D}"
	ProjectSection(SolutionItems) = preProject
		..\..\Dreamkeeper\Dreamkeeper\Dreamkeeper\PauseScreen.cs = ..\..\Dreamkeeper\Dreamkeeper\Dreamkeeper\PauseScreen.cs
	EndProjectSection
EndProject
Global
	GlobalSection(SolutionConfigurationPlatforms) = preSolution
		Debug|x86 = Debug|x86
		Release|x86 = Release|x86
	EndGlobalSection
	GlobalSection(ProjectConfigurationPlatforms) = postSolution
		{9E5EEA51-BB8A-40B6-8D44-A87C11CA6F6A}.Debug|x86.ActiveCfg = Debug|x86
		{9E5EEA51-BB8A-40B6-8D44-A87C11CA6F6A}.Debug|x86.Build.0 = Debug|x86
		{9E5EEA51-BB8A-40B6-8D44-A87C11CA6F6A}.Release|x86.ActiveCfg = Release|x86
		{9E5EEA51-BB8A-40B6-8D44-A87C11CA6F6A}.Release|x86.Build.0 = Release|x86
		{43E19A36-C299-4187-B4DC-4A8ABB54DACE}.Debug|x86.ActiveCfg = Debug|x86
		{43E19A36-C299-4187-B4DC-4A8ABB54DACE}.Release|x86.ActiveCfg = Release|x86
	EndGlobalSection
	GlobalSection(SolutionProperties) = preSolution
		HideSolutionNode = FALSE
	EndGlobalSection
EndGlobal
