
Microsoft Visual Studio Solution File, Format Version 12.00
# Visual Studio 2013
VisualStudioVersion = 12.0.21005.1
MinimumVisualStudioVersion = 10.0.40219.1
Project("{FAE04EC0-301F-11D3-BF4B-00C04F79EFBC}") = "WiimoteTestProject", "WiimoteTestProject\WiimoteTestProject\WiimoteTestProject.csproj", "{A993DDBD-7504-47A9-B9B3-481E9F11E397}"
EndProject
Project("{96E2B04D-8817-42C6-938A-82C39BA4D311}") = "WiimoteTestProjectContent", "WiimoteTestProject\WiimoteTestProjectContent\WiimoteTestProjectContent.contentproj", "{5094B53E-14CF-4B84-9059-30B9B36ABE5C}"
EndProject
Global
	GlobalSection(SolutionConfigurationPlatforms) = preSolution
		Debug|x86 = Debug|x86
		Release|x86 = Release|x86
	EndGlobalSection
	GlobalSection(ProjectConfigurationPlatforms) = postSolution
		{A993DDBD-7504-47A9-B9B3-481E9F11E397}.Debug|x86.ActiveCfg = Debug|x86
		{A993DDBD-7504-47A9-B9B3-481E9F11E397}.Debug|x86.Build.0 = Debug|x86
		{A993DDBD-7504-47A9-B9B3-481E9F11E397}.Release|x86.ActiveCfg = Release|x86
		{A993DDBD-7504-47A9-B9B3-481E9F11E397}.Release|x86.Build.0 = Release|x86
		{5094B53E-14CF-4B84-9059-30B9B36ABE5C}.Debug|x86.ActiveCfg = Debug|x86
		{5094B53E-14CF-4B84-9059-30B9B36ABE5C}.Release|x86.ActiveCfg = Release|x86
	EndGlobalSection
	GlobalSection(SolutionProperties) = preSolution
		HideSolutionNode = FALSE
	EndGlobalSection
EndGlobal
